
Microsoft Visual Studio Solution File, Format Version 12.00
# Visual Studio Version 17
VisualStudioVersion = 17.5.002.0
MinimumVisualStudioVersion = 10.0.40219.1
Project("{9A19103F-16F7-4668-BE54-9A1E7A4F7556}") = "SpiceShop", "SpiceShop.csproj", "{CD58D8D8-5CA8-4655-9DBF-DE8E9BCDFECF}"
EndProject
Global
	GlobalSection(SolutionConfigurationPlatforms) = preSolution
		Debug|Any CPU = Debug|Any CPU
		Release|Any CPU = Release|Any CPU
	EndGlobalSection
	GlobalSection(ProjectConfigurationPlatforms) = postSolution
		{CD58D8D8-5CA8-4655-9DBF-DE8E9BCDFECF}.Debug|Any CPU.ActiveCfg = Debug|Any CPU
		{CD58D8D8-5CA8-4655-9DBF-DE8E9BCDFECF}.Debug|Any CPU.Build.0 = Debug|Any CPU
		{CD58D8D8-5CA8-4655-9DBF-DE8E9BCDFECF}.Release|Any CPU.ActiveCfg = Release|Any CPU
		{CD58D8D8-5CA8-4655-9DBF-DE8E9BCDFECF}.Release|Any CPU.Build.0 = Release|Any CPU
	EndGlobalSection
	GlobalSection(SolutionProperties) = preSolution
		HideSolutionNode = FALSE
	EndGlobalSection
	GlobalSection(ExtensibilityGlobals) = postSolution
		SolutionGuid = {3485824E-CF12-4EBF-BEF8-72F193D09859}
	EndGlobalSection
EndGlobal
